
Microsoft Visual Studio Solution File, Format Version 12.00
# Visual Studio 15
VisualStudioVersion = 15.0.26124.0
MinimumVisualStudioVersion = 15.0.26124.0
Project("{9A19103F-16F7-4668-BE54-9A1E7A4F7556}") = "R5T.Langobard.Construction", "R5T.Langobard.Construction\R5T.Langobard.Construction.csproj", "{D24DAAC1-E5FF-4376-B2B7-AB36C1D68701}"
EndProject
Project("{9A19103F-16F7-4668-BE54-9A1E7A4F7556}") = "R5T.Langobard", "R5T.Langobard\R5T.Langobard.csproj", "{66939BBC-169F-469A-B679-6A034FFAAF0D}"
EndProject
Project("{9A19103F-16F7-4668-BE54-9A1E7A4F7556}") = "R5T.Langobard.Console", "R5T.Langobard.Console\R5T.Langobard.Console.csproj", "{24C7756B-96E2-47C2-9442-B1B6CED2FFB5}"
EndProject
Project("{9A19103F-16F7-4668-BE54-9A1E7A4F7556}") = "R5T.Langobard.Extensions", "R5T.Langobard.Extensions\R5T.Langobard.Extensions.csproj", "{2A0C4BFC-D6F8-44B9-8540-14080549A122}"
EndProject
Project("{FAE04EC0-301F-11D3-BF4B-00C04F79EFBC}") = "R5T.Langobard.Default", "R5T.Langobard.Default\R5T.Langobard.Default.csproj", "{592C20F0-4513-4D67-AEDD-9A8A547FF7DF}"
EndProject
Global
	GlobalSection(SolutionConfigurationPlatforms) = preSolution
		Debug|Any CPU = Debug|Any CPU
		Debug|x64 = Debug|x64
		Debug|x86 = Debug|x86
		Release|Any CPU = Release|Any CPU
		Release|x64 = Release|x64
		Release|x86 = Release|x86
	EndGlobalSection
	GlobalSection(ProjectConfigurationPlatforms) = postSolution
		{D24DAAC1-E5FF-4376-B2B7-AB36C1D68701}.Debug|Any CPU.ActiveCfg = Debug|Any CPU
		{D24DAAC1-E5FF-4376-B2B7-AB36C1D68701}.Debug|Any CPU.Build.0 = Debug|Any CPU
		{D24DAAC1-E5FF-4376-B2B7-AB36C1D68701}.Debug|x64.ActiveCfg = Debug|Any CPU
		{D24DAAC1-E5FF-4376-B2B7-AB36C1D68701}.Debug|x64.Build.0 = Debug|Any CPU
		{D24DAAC1-E5FF-4376-B2B7-AB36C1D68701}.Debug|x86.ActiveCfg = Debug|Any CPU
		{D24DAAC1-E5FF-4376-B2B7-AB36C1D68701}.Debug|x86.Build.0 = Debug|Any CPU
		{D24DAAC1-E5FF-4376-B2B7-AB36C1D68701}.Release|Any CPU.ActiveCfg = Release|Any CPU
		{D24DAAC1-E5FF-4376-B2B7-AB36C1D68701}.Release|Any CPU.Build.0 = Release|Any CPU
		{D24DAAC1-E5FF-4376-B2B7-AB36C1D68701}.Release|x64.ActiveCfg = Release|Any CPU
		{D24DAAC1-E5FF-4376-B2B7-AB36C1D68701}.Release|x64.Build.0 = Release|Any CPU
		{D24DAAC1-E5FF-4376-B2B7-AB36C1D68701}.Release|x86.ActiveCfg = Release|Any CPU
		{D24DAAC1-E5FF-4376-B2B7-AB36C1D68701}.Release|x86.Build.0 = Release|Any CPU
		{66939BBC-169F-469A-B679-6A034FFAAF0D}.Debug|Any CPU.ActiveCfg = Debug|Any CPU
		{66939BBC-169F-469A-B679-6A034FFAAF0D}.Debug|Any CPU.Build.0 = Debug|Any CPU
		{66939BBC-169F-469A-B679-6A034FFAAF0D}.Debug|x64.ActiveCfg = Debug|Any CPU
		{66939BBC-169F-469A-B679-6A034FFAAF0D}.Debug|x64.Build.0 = Debug|Any CPU
		{66939BBC-169F-469A-B679-6A034FFAAF0D}.Debug|x86.ActiveCfg = Debug|Any CPU
		{66939BBC-169F-469A-B679-6A034FFAAF0D}.Debug|x86.Build.0 = Debug|Any CPU
		{66939BBC-169F-469A-B679-6A034FFAAF0D}.Release|Any CPU.ActiveCfg = Release|Any CPU
		{66939BBC-169F-469A-B679-6A034FFAAF0D}.Release|Any CPU.Build.0 = Release|Any CPU
		{66939BBC-169F-469A-B679-6A034FFAAF0D}.Release|x64.ActiveCfg = Release|Any CPU
		{66939BBC-169F-469A-B679-6A034FFAAF0D}.Release|x64.Build.0 = Release|Any CPU
		{66939BBC-169F-469A-B679-6A034FFAAF0D}.Release|x86.ActiveCfg = Release|Any CPU
		{66939BBC-169F-469A-B679-6A034FFAAF0D}.Release|x86.Build.0 = Release|Any CPU
		{24C7756B-96E2-47C2-9442-B1B6CED2FFB5}.Debug|Any CPU.ActiveCfg = Debug|Any CPU
		{24C7756B-96E2-47C2-9442-B1B6CED2FFB5}.Debug|Any CPU.Build.0 = Debug|Any CPU
		{24C7756B-96E2-47C2-9442-B1B6CED2FFB5}.Debug|x64.ActiveCfg = Debug|Any CPU
		{24C7756B-96E2-47C2-9442-B1B6CED2FFB5}.Debug|x64.Build.0 = Debug|Any CPU
		{24C7756B-96E2-47C2-9442-B1B6CED2FFB5}.Debug|x86.ActiveCfg = Debug|Any CPU
		{24C7756B-96E2-47C2-9442-B1B6CED2FFB5}.Debug|x86.Build.0 = Debug|Any CPU
		{24C7756B-96E2-47C2-9442-B1B6CED2FFB5}.Release|Any CPU.ActiveCfg = Release|Any CPU
		{24C7756B-96E2-47C2-9442-B1B6CED2FFB5}.Release|Any CPU.Build.0 = Release|Any CPU
		{24C7756B-96E2-47C2-9442-B1B6CED2FFB5}.Release|x64.ActiveCfg = Release|Any CPU
		{24C7756B-96E2-47C2-9442-B1B6CED2FFB5}.Release|x64.Build.0 = Release|Any CPU
		{24C7756B-96E2-47C2-9442-B1B6CED2FFB5}.Release|x86.ActiveCfg = Release|Any CPU
		{24C7756B-96E2-47C2-9442-B1B6CED2FFB5}.Release|x86.Build.0 = Release|Any CPU
		{2A0C4BFC-D6F8-44B9-8540-14080549A122}.Debug|Any CPU.ActiveCfg = Debug|Any CPU
		{2A0C4BFC-D6F8-44B9-8540-14080549A122}.Debug|Any CPU.Build.0 = Debug|Any CPU
		{2A0C4BFC-D6F8-44B9-8540-14080549A122}.Debug|x64.ActiveCfg = Debug|Any CPU
		{2A0C4BFC-D6F8-44B9-8540-14080549A122}.Debug|x64.Build.0 = Debug|Any CPU
		{2A0C4BFC-D6F8-44B9-8540-14080549A122}.Debug|x86.ActiveCfg = Debug|Any CPU
		{2A0C4BFC-D6F8-44B9-8540-14080549A122}.Debug|x86.Build.0 = Debug|Any CPU
		{2A0C4BFC-D6F8-44B9-8540-14080549A122}.Release|Any CPU.ActiveCfg = Release|Any CPU
		{2A0C4BFC-D6F8-44B9-8540-14080549A122}.Release|Any CPU.Build.0 = Release|Any CPU
		{2A0C4BFC-D6F8-44B9-8540-14080549A122}.Release|x64.ActiveCfg = Release|Any CPU
		{2A0C4BFC-D6F8-44B9-8540-14080549A122}.Release|x64.Build.0 = Release|Any CPU
		{2A0C4BFC-D6F8-44B9-8540-14080549A122}.Release|x86.ActiveCfg = Release|Any CPU
		{2A0C4BFC-D6F8-44B9-8540-14080549A122}.Release|x86.Build.0 = Release|Any CPU
		{592C20F0-4513-4D67-AEDD-9A8A547FF7DF}.Debug|Any CPU.ActiveCfg = Debug|Any CPU
		{592C20F0-4513-4D67-AEDD-9A8A547FF7DF}.Debug|Any CPU.Build.0 = Debug|Any CPU
		{592C20F0-4513-4D67-AEDD-9A8A547FF7DF}.Debug|x64.ActiveCfg = Debug|Any CPU
		{592C20F0-4513-4D67-AEDD-9A8A547FF7DF}.Debug|x64.Build.0 = Debug|Any CPU
		{592C20F0-4513-4D67-AEDD-9A8A547FF7DF}.Debug|x86.ActiveCfg = Debug|Any CPU
		{592C20F0-4513-4D67-AEDD-9A8A547FF7DF}.Debug|x86.Build.0 = Debug|Any CPU
		{592C20F0-4513-4D67-AEDD-9A8A547FF7DF}.Release|Any CPU.ActiveCfg = Release|Any CPU
		{592C20F0-4513-4D67-AEDD-9A8A547FF7DF}.Release|Any CPU.Build.0 = Release|Any CPU
		{592C20F0-4513-4D67-AEDD-9A8A547FF7DF}.Release|x64.ActiveCfg = Release|Any CPU
		{592C20F0-4513-4D67-AEDD-9A8A547FF7DF}.Release|x64.Build.0 = Release|Any CPU
		{592C20F0-4513-4D67-AEDD-9A8A547FF7DF}.Release|x86.ActiveCfg = Release|Any CPU
		{592C20F0-4513-4D67-AEDD-9A8A547FF7DF}.Release|x86.Build.0 = Release|Any CPU
	EndGlobalSection
	GlobalSection(SolutionProperties) = preSolution
		HideSolutionNode = FALSE
	EndGlobalSection
	GlobalSection(ExtensibilityGlobals) = postSolution
		SolutionGuid = {0E032545-0D6F-4986-93A5-AA31ECB7E96C}
	EndGlobalSection
EndGlobal
